# flow-prompts.lock. SHA-256 baseline for synced FLOW prompts.
# Ref: HEAD | format: <sha256hex>  <rel_path> (sha256sum-compatible)

84b2af7fb9cc046ddb4989b4d5071172f662502c2ca2f48d644411ee420d0ba0  skills/blog-flow/references/bibliography.md
3b548c8e9c43ac9445237526b95e7c8df163716fdc97f15b54567a988f84aec1  skills/blog-flow/references/flow-framework.md
09b9c1711a3fe7c9f9ee2d0af01c8594c9794a538d3c485969e71eb57ccc4d9b  skills/blog-flow/references/prompts/README.md
c9af57d7c74a10b6a2625285bba80ebd51430785a689784aa48e451af6137c85  skills/blog-flow/references/prompts/find/content-planning-for-topical-relevance-prompt.md
36601eeb8607917b4af8fe7e42e6ad0cb9c92854bcdb1578e4b845121ff8623a  skills/blog-flow/references/prompts/find/content-prioritization-prompt.md
3212add2fca81dcc0129a196510b3b25bbdc4fd173f13323bfb9591477e57d74  skills/blog-flow/references/prompts/find/keyword-research-prompt.md
cfd3b8f81e5fd44c6e2bd6560d7ea5ce8661acb3ad37d3e69ec67ad708a82167  skills/blog-flow/references/prompts/find/keyword-variations-for-topical-relevance-prompt.md
5ec76acde54e17ac2a089a97842dd0d7a185aa817eccf1a9e8e7a8d5f1c2e21c  skills/blog-flow/references/prompts/find/prompt-audience-avatar.md
c2db70886660afbcee073b344201bd3226646930014093b82d2e426af3ea566b  skills/blog-flow/references/prompts/leverage/backlink-competition-prompt.md
824059918df4f58f5ba7f50c6a8aa5a9ae915159936c56fc94322bd5109b8e6c  skills/blog-flow/references/prompts/optimize/ai-detector-test-follow-up-prompt.md
a6c8d8487e23e744b00a2c637054ee2fe725bf473887a1572d83b52df709e750  skills/blog-flow/references/prompts/optimize/ai-supporting-pages-rewrite-prompt.md
6e8dcee4dabf9b80f06d0bdf1e41a8933215c08d8484f2d54fe22f6e9f82b5ed  skills/blog-flow/references/prompts/optimize/basic-prompt.md
04e70f48628e8ccd90162f0617f74d3fe569cf50fe161122786d5de39eed3cc7  skills/blog-flow/references/prompts/optimize/blog-post-outline-prompt.md
5ac99445363493b6d2ad1a31c8c732286de0d4e1875ee0eccf0b5133c2a4388b  skills/blog-flow/references/prompts/optimize/blog-post-writing-prompt.md
6d1a07617365abad736546f2af3ba0412d83415fa9902ed0f5fca0e7e2f57c0f  skills/blog-flow/references/prompts/optimize/claude-prompt-1.md
c1faccd974cd2c5afe1829a5ff042ed355ce7bba84cc8bbecac6ab9be8987713  skills/blog-flow/references/prompts/optimize/claude-prompt-2.md
be82c0778cb4e778f06705c4f9585efe500ba67ca4e18bdafabae7e57b4d36b5  skills/blog-flow/references/prompts/optimize/ctr-audit-prompt.md
90f3955d48c7a99307a79e3ac50fabddc3704c26b33f00b4ee4ca28c8b9709e6  skills/blog-flow/references/prompts/optimize/follow-up-prompt-1.md
cc306a336031ebcb806d246fd4b77989ffa0397028e1fd06de5e9fbf4377d013  skills/blog-flow/references/prompts/optimize/follow-up-prompt-2.md
ded05cc12b95b63ff7ef90d1fcdc9bd535460efdcb9d25000a5f64cf44fcfcb1  skills/blog-flow/references/prompts/optimize/follow-up-prompt.md
714f720f38def37c5c63124436f1bb18243eebec5bcd04f95189d0580912e8a9  skills/blog-flow/references/prompts/optimize/paa-question-rewording-prompt.md
1b44a6e8a12cfd93ff314120ee39dc3e274780c6d423765d01fabbd4d322e08e  skills/blog-flow/references/prompts/optimize/prompt-core-30-content-audit.md
08b07ffa11bc0b66fc4891bc14d9e582500051b9edc6b3143e953aa5eba0d4cb  skills/blog-flow/references/prompts/optimize/property-content-with-authority-audit-prompt.md
a6104c606d87f6ead71929e0d055a53330e91ad4c4b448d91f175746e0f6d4e7  skills/blog-flow/references/prompts/optimize/reddit-claude-prompt.md
6147a8ebc051ef1f2cd10791277da058cf80e8b58f172f44e0dbce4d642c79bb  skills/blog-flow/references/prompts/optimize/schema-prompt-1.md
b870f0a37ddc9ceb2b10c9e5f3161445b16a5e671ee52b94a749e728f8b738c6  skills/blog-flow/references/prompts/optimize/step-1-the-chatgpt-discovery-prompt.md
c591453c0a024edd8c03b6f6e717e9172c4046198ad98b8ed0477917c046a4b0  skills/blog-flow/references/prompts/optimize/step-2-the-follow-up-qualifying-prompt.md
4bc0cf31a1b0d2db8fcc0fb4c3f994c44a6bfff8de87534487811467ea930888  skills/blog-flow/references/prompts/optimize/technical-audit-prompt.md
8cbe53c6b67cd1b81b0bcd67c8d04b55e199fa10d8e415d83c144366912ed358  skills/blog-flow/references/prompts/optimize/visibility-follow-up-prompt.md
c25887eb2f105c233fcb56506048445ce465fd322e5a4ebe7e9bf763b8c5824d  skills/blog-flow/references/prompts/optimize/visiblity-prompt.md
7f4f64b19256bcfef4f66b098b150faec6e73032b9ebc3446b2fa5f234caadb2  skills/blog-flow/references/prompts/win/bofu-page-brief-generator.md
d49d93bb84cdf89e6411018e07f80adb315997a43771d459a46c56c028adee1d  skills/blog-flow/references/prompts/win/conversion-audit-prompt.md
eba68dcf9149bcf199a7a8501e4a33387cb4bd250b0a2846e47b42aa3c32bf49  skills/blog-flow/references/prompts/win/dual-surface-content-scorecard.md
