# flow-prompts.lock. SHA-256 baseline for synced FLOW prompts.
# Ref: HEAD | format: <sha256hex>  <rel_path> (sha256sum-compatible)

6a65a320baccbfc9977a94252fd6c958b82eda1b81e8e1f7915e6f22d6b3cad5  skills/blog-flow/references/bibliography.md
0ebe15b7fc133ba14eb1a13435c3e770c2d964d8842b23c45c4e9fd445fffd38  skills/blog-flow/references/flow-framework.md
c6f1d18ba717b5bbb21ef7860bf917f2ff9c2889916eb0834dd05b8d51f831b8  skills/blog-flow/references/prompts/README.md
515a0233f7511e0363a35ea87ca6aa3376556680279486be10766ffb9b61d035  skills/blog-flow/references/prompts/find/content-planning-for-topical-relevance-prompt.md
440a20c13ae5b376efd181d6914332f79c576a8052ff667484c81dc39676e79d  skills/blog-flow/references/prompts/find/content-prioritization-prompt.md
e0dd836b43f4418458a3c77d6931e3e2fcbbd36b608fd9f07b938fefb4f0c307  skills/blog-flow/references/prompts/find/keyword-research-prompt.md
49a11edb00d9b5ed8f2062bd1a850d6417df1e3265f9671338477b06b134cd9b  skills/blog-flow/references/prompts/find/keyword-variations-for-topical-relevance-prompt.md
251e136ec10948c2b3132c99e399fcf25ad43ee68eff6a4ff7ed321a0e2419e6  skills/blog-flow/references/prompts/find/prompt-audience-avatar.md
5a7815bfe26f8bd53bb1bf7bbece12eadf5ea0754b978e922aab04308b83c363  skills/blog-flow/references/prompts/leverage/backlink-competition-prompt.md
feff26e46e5d59dbba85d1311987509e18a27a68d1abb69e632e77d9e805d814  skills/blog-flow/references/prompts/optimize/ai-detector-test-follow-up-prompt.md
5c97f4ddbacd2da24e27d0a757890ebfaebf3e587d6384bca22fd77f25d54b32  skills/blog-flow/references/prompts/optimize/ai-supporting-pages-rewrite-prompt.md
30f5302b96b6fa1a2a6ec647081b9be8254010bc4ad8e6ecf3697fbd0a80cb8f  skills/blog-flow/references/prompts/optimize/basic-prompt.md
19ba99da46476840c45f028806d173e7be92e83274acc4994fa5c2092fb60cc5  skills/blog-flow/references/prompts/optimize/blog-post-outline-prompt.md
b950383d15a318104701fabee9b21d4016b965ff6b4b7dcac77d7dbc92c3d33a  skills/blog-flow/references/prompts/optimize/blog-post-writing-prompt.md
58cfd4fa969122308d7a5fb1037b2eb52c804b5ad53c91fab43bd32745addeed  skills/blog-flow/references/prompts/optimize/claude-prompt-1.md
64b42e0f9bdb1969087161951fbb404f6cc85d1bd3d2b0378fc0b306d9dab086  skills/blog-flow/references/prompts/optimize/claude-prompt-2.md
215cd18799791cd62d25a8e076f4b35d211e4931004c27f74666b8113a46c498  skills/blog-flow/references/prompts/optimize/ctr-audit-prompt.md
3c9aa11cff253cf51ec5ec59fe689f230708bfdf37598f0454016323c6d15899  skills/blog-flow/references/prompts/optimize/follow-up-prompt-1.md
eaa5c556c86f18979ca1545af8d985088eb263c5c24f5cb7a5b57fb3c48381b1  skills/blog-flow/references/prompts/optimize/follow-up-prompt-2.md
53f3e76d02732cca16524b2ae29d1cd5e941d62510ce69312e40e59393987041  skills/blog-flow/references/prompts/optimize/follow-up-prompt.md
38427397db27566defdeaaa5ad11192633921806f89a22949dd5fd5d8eb8a7e0  skills/blog-flow/references/prompts/optimize/paa-question-rewording-prompt.md
5abfc3f49c523cfe949354fa126743b9cc7fa071d125d733df17881496f9e164  skills/blog-flow/references/prompts/optimize/prompt-core-30-content-audit.md
eecf630bdb72c386d1bf50c5c92547ff61e74b8358f9e728a63757f785b61e56  skills/blog-flow/references/prompts/optimize/property-content-with-authority-audit-prompt.md
302776a1ca75edeb85079da53d3c141b1dc69aab4e8facd7ab93bb9a8c16383f  skills/blog-flow/references/prompts/optimize/reddit-claude-prompt.md
e11263bb2216dca9db7d034d6543847cdcd575208ceb13d0b7a1a35aa8df9d28  skills/blog-flow/references/prompts/optimize/schema-prompt-1.md
f2a144f64dfcbba3213e08e7db0d509de28403e2bc3b4099d3ef9216c69deb5b  skills/blog-flow/references/prompts/optimize/step-1-the-chatgpt-discovery-prompt.md
10620ef462ebf279c9f7a9079f24a260be566c32dda718f1e3689133654fa5ec  skills/blog-flow/references/prompts/optimize/step-2-the-follow-up-qualifying-prompt.md
eadc2b2f71af68ec1870752e6c6a34caba28e4261f9c27d0e3776378c9e3db74  skills/blog-flow/references/prompts/optimize/technical-audit-prompt.md
ca89f178c7a48be9c2207e8ae6358b42f2821a1566d56029d000cee63f06f442  skills/blog-flow/references/prompts/optimize/visibility-follow-up-prompt.md
2f67d81026f2d26496c6d274f936189b8afa72e0b6e9e8a4b4e09c3fe2a738f1  skills/blog-flow/references/prompts/optimize/visiblity-prompt.md
83b60cf44b091639d2badc29e998aa0836c5a7f59f78116e61e331b216163c88  skills/blog-flow/references/prompts/win/bofu-page-brief-generator.md
46f5450e61a74b179c6a1fdf5423657344f1b39fff8c977f7c679031c6123258  skills/blog-flow/references/prompts/win/conversion-audit-prompt.md
e294723bad620e010319b50b3011ef5c60e1161ac32ffa2ac73de16ce99e4735  skills/blog-flow/references/prompts/win/dual-surface-content-scorecard.md
